
Microsoft Visual Studio Solution File, Format Version 12.00
# Visual Studio Version 17
VisualStudioVersion = 17.5.002.0
MinimumVisualStudioVersion = 10.0.40219.1
Project("{2150E333-8FDC-42A3-9474-1A3956D46DE8}") = "csharp-prep", "csharp-prep", "{2EC69E98-9EB4-497D-9A21-D0666F075437}"
EndProject
Project("{9A19103F-16F7-4668-BE54-9A1E7A4F7556}") = "Prep1", "csharp-prep\Prep1\Prep1.csproj", "{B0696FFE-B7CD-45A8-9D47-ED22027166EA}"
EndProject
Project("{9A19103F-16F7-4668-BE54-9A1E7A4F7556}") = "Prep2", "csharp-prep\Prep2\Prep2.csproj", "{53A1CF82-3905-45BE-A360-742B161FAC0C}"
EndProject
Project("{9A19103F-16F7-4668-BE54-9A1E7A4F7556}") = "Prep3", "csharp-prep\Prep3\Prep3.csproj", "{BF94ACC0-3BAB-4E2A-9906-3C504C9637D7}"
EndProject
Project("{9A19103F-16F7-4668-BE54-9A1E7A4F7556}") = "Prep4", "csharp-prep\Prep4\Prep4.csproj", "{F191E8E2-B0C7-4DF8-B4A7-85A2FB283ED9}"
EndProject
Project("{9A19103F-16F7-4668-BE54-9A1E7A4F7556}") = "Prep5", "csharp-prep\Prep5\Prep5.csproj", "{FADBC093-AF23-41CB-A949-EBC59F533198}"
EndProject
Project("{2150E333-8FDC-42A3-9474-1A3956D46DE8}") = "final", "final", "{DD7A7D36-90E7-43A8-9C3D-9CBF82F87DE0}"
EndProject
Project("{9A19103F-16F7-4668-BE54-9A1E7A4F7556}") = "FinalProject", "final\FinalProject\FinalProject.csproj", "{BB947FBA-5B43-4A36-A704-FC71AB6A7419}"
EndProject
Project("{9A19103F-16F7-4668-BE54-9A1E7A4F7556}") = "Foundation1", "final\Foundation1\Foundation1.csproj", "{16432BE5-E28F-41BA-9512-80E3527A9B29}"
EndProject
Project("{9A19103F-16F7-4668-BE54-9A1E7A4F7556}") = "Foundation2", "final\Foundation2\Foundation2.csproj", "{CC436F95-3E6B-4E80-B147-A7FB2B08A921}"
EndProject
Project("{9A19103F-16F7-4668-BE54-9A1E7A4F7556}") = "Foundation3", "final\Foundation3\Foundation3.csproj", "{BC87FC0A-5D9C-4AE5-8841-81A137601BFF}"
EndProject
Project("{9A19103F-16F7-4668-BE54-9A1E7A4F7556}") = "Foundation4", "final\Foundation4\Foundation4.csproj", "{132F9F9B-316F-43D9-85DA-0865E3732230}"
EndProject
Project("{2150E333-8FDC-42A3-9474-1A3956D46DE8}") = "prepare", "prepare", "{126321DD-4432-4BDC-B05A-C3C2C980D5B2}"
EndProject
Project("{9A19103F-16F7-4668-BE54-9A1E7A4F7556}") = "Learning02", "prepare\Learning02\Learning02.csproj", "{A7A3CAD1-1E43-4A84-BBE3-D8C3D038BCE7}"
EndProject
Project("{9A19103F-16F7-4668-BE54-9A1E7A4F7556}") = "Learning03", "prepare\Learning03\Learning03.csproj", "{2B1D9E0B-C7A9-4F66-A43F-5B822EC6DE77}"
EndProject
Project("{9A19103F-16F7-4668-BE54-9A1E7A4F7556}") = "Learning04", "prepare\Learning04\Learning04.csproj", "{CB581747-D945-4C3B-908F-1C24221881C0}"
EndProject
Project("{9A19103F-16F7-4668-BE54-9A1E7A4F7556}") = "Learning05", "prepare\Learning05\Learning05.csproj", "{7924D7EF-F8AD-475E-BE38-93286370304B}"
EndProject
Project("{2150E333-8FDC-42A3-9474-1A3956D46DE8}") = "prove", "prove", "{0F1ADB93-A652-4014-8AE8-F400A459FB50}"
EndProject
Project("{9A19103F-16F7-4668-BE54-9A1E7A4F7556}") = "Develop02", "prove\Develop02\Develop02.csproj", "{6415451B-0A5C-48E1-80CC-F9B56F1CF717}"
EndProject
Project("{9A19103F-16F7-4668-BE54-9A1E7A4F7556}") = "Develop03", "prove\Develop03\Develop03.csproj", "{740F57B3-E507-4441-9356-4D2E15EA764A}"
EndProject
Project("{9A19103F-16F7-4668-BE54-9A1E7A4F7556}") = "Develop04", "prove\Develop04\Develop04.csproj", "{6F6075EA-467E-49E7-B726-2867431BC38C}"
EndProject
Project("{9A19103F-16F7-4668-BE54-9A1E7A4F7556}") = "Develop05", "prove\Develop05\Develop05.csproj", "{A157A4B2-8C6C-49DD-8D5D-9CEBB71D3544}"
EndProject
Project("{2150E333-8FDC-42A3-9474-1A3956D46DE8}") = "sandbox", "sandbox", "{9AE78854-327C-422E-BA1A-59D37BC90E1D}"
EndProject
Project("{9A19103F-16F7-4668-BE54-9A1E7A4F7556}") = "Sandbox", "sandbox\Sandbox\Sandbox.csproj", "{C78D561D-43EE-41FC-A69F-1547A1E2D3BC}"
EndProject
Global
	GlobalSection(SolutionConfigurationPlatforms) = preSolution
		Debug|Any CPU = Debug|Any CPU
		Release|Any CPU = Release|Any CPU
	EndGlobalSection
	GlobalSection(ProjectConfigurationPlatforms) = postSolution
		{B0696FFE-B7CD-45A8-9D47-ED22027166EA}.Debug|Any CPU.ActiveCfg = Debug|Any CPU
		{B0696FFE-B7CD-45A8-9D47-ED22027166EA}.Debug|Any CPU.Build.0 = Debug|Any CPU
		{B0696FFE-B7CD-45A8-9D47-ED22027166EA}.Release|Any CPU.ActiveCfg = Release|Any CPU
		{B0696FFE-B7CD-45A8-9D47-ED22027166EA}.Release|Any CPU.Build.0 = Release|Any CPU
		{53A1CF82-3905-45BE-A360-742B161FAC0C}.Debug|Any CPU.ActiveCfg = Debug|Any CPU
		{53A1CF82-3905-45BE-A360-742B161FAC0C}.Debug|Any CPU.Build.0 = Debug|Any CPU
		{53A1CF82-3905-45BE-A360-742B161FAC0C}.Release|Any CPU.ActiveCfg = Release|Any CPU
		{53A1CF82-3905-45BE-A360-742B161FAC0C}.Release|Any CPU.Build.0 = Release|Any CPU
		{BF94ACC0-3BAB-4E2A-9906-3C504C9637D7}.Debug|Any CPU.ActiveCfg = Debug|Any CPU
		{BF94ACC0-3BAB-4E2A-9906-3C504C9637D7}.Debug|Any CPU.Build.0 = Debug|Any CPU
		{BF94ACC0-3BAB-4E2A-9906-3C504C9637D7}.Release|Any CPU.ActiveCfg = Release|Any CPU
		{BF94ACC0-3BAB-4E2A-9906-3C504C9637D7}.Release|Any CPU.Build.0 = Release|Any CPU
		{F191E8E2-B0C7-4DF8-B4A7-85A2FB283ED9}.Debug|Any CPU.ActiveCfg = Debug|Any CPU
		{F191E8E2-B0C7-4DF8-B4A7-85A2FB283ED9}.Debug|Any CPU.Build.0 = Debug|Any CPU
		{F191E8E2-B0C7-4DF8-B4A7-85A2FB283ED9}.Release|Any CPU.ActiveCfg = Release|Any CPU
		{F191E8E2-B0C7-4DF8-B4A7-85A2FB283ED9}.Release|Any CPU.Build.0 = Release|Any CPU
		{FADBC093-AF23-41CB-A949-EBC59F533198}.Debug|Any CPU.ActiveCfg = Debug|Any CPU
		{FADBC093-AF23-41CB-A949-EBC59F533198}.Debug|Any CPU.Build.0 = Debug|Any CPU
		{FADBC093-AF23-41CB-A949-EBC59F533198}.Release|Any CPU.ActiveCfg = Release|Any CPU
		{FADBC093-AF23-41CB-A949-EBC59F533198}.Release|Any CPU.Build.0 = Release|Any CPU
		{BB947FBA-5B43-4A36-A704-FC71AB6A7419}.Debug|Any CPU.ActiveCfg = Debug|Any CPU
		{BB947FBA-5B43-4A36-A704-FC71AB6A7419}.Debug|Any CPU.Build.0 = Debug|Any CPU
		{BB947FBA-5B43-4A36-A704-FC71AB6A7419}.Release|Any CPU.ActiveCfg = Release|Any CPU
		{BB947FBA-5B43-4A36-A704-FC71AB6A7419}.Release|Any CPU.Build.0 = Release|Any CPU
		{16432BE5-E28F-41BA-9512-80E3527A9B29}.Debug|Any CPU.ActiveCfg = Debug|Any CPU
		{16432BE5-E28F-41BA-9512-80E3527A9B29}.Debug|Any CPU.Build.0 = Debug|Any CPU
		{16432BE5-E28F-41BA-9512-80E3527A9B29}.Release|Any CPU.ActiveCfg = Release|Any CPU
		{16432BE5-E28F-41BA-9512-80E3527A9B29}.Release|Any CPU.Build.0 = Release|Any CPU
		{CC436F95-3E6B-4E80-B147-A7FB2B08A921}.Debug|Any CPU.ActiveCfg = Debug|Any CPU
		{CC436F95-3E6B-4E80-B147-A7FB2B08A921}.Debug|Any CPU.Build.0 = Debug|Any CPU
		{CC436F95-3E6B-4E80-B147-A7FB2B08A921}.Release|Any CPU.ActiveCfg = Release|Any CPU
		{CC436F95-3E6B-4E80-B147-A7FB2B08A921}.Release|Any CPU.Build.0 = Release|Any CPU
		{BC87FC0A-5D9C-4AE5-8841-81A137601BFF}.Debug|Any CPU.ActiveCfg = Debug|Any CPU
		{BC87FC0A-5D9C-4AE5-8841-81A137601BFF}.Debug|Any CPU.Build.0 = Debug|Any CPU
		{BC87FC0A-5D9C-4AE5-8841-81A137601BFF}.Release|Any CPU.ActiveCfg = Release|Any CPU
		{BC87FC0A-5D9C-4AE5-8841-81A137601BFF}.Release|Any CPU.Build.0 = Release|Any CPU
		{132F9F9B-316F-43D9-85DA-0865E3732230}.Debug|Any CPU.ActiveCfg = Debug|Any CPU
		{132F9F9B-316F-43D9-85DA-0865E3732230}.Debug|Any CPU.Build.0 = Debug|Any CPU
		{132F9F9B-316F-43D9-85DA-0865E3732230}.Release|Any CPU.ActiveCfg = Release|Any CPU
		{132F9F9B-316F-43D9-85DA-0865E3732230}.Release|Any CPU.Build.0 = Release|Any CPU
		{A7A3CAD1-1E43-4A84-BBE3-D8C3D038BCE7}.Debug|Any CPU.ActiveCfg = Debug|Any CPU
		{A7A3CAD1-1E43-4A84-BBE3-D8C3D038BCE7}.Debug|Any CPU.Build.0 = Debug|Any CPU
		{A7A3CAD1-1E43-4A84-BBE3-D8C3D038BCE7}.Release|Any CPU.ActiveCfg = Release|Any CPU
		{A7A3CAD1-1E43-4A84-BBE3-D8C3D038BCE7}.Release|Any CPU.Build.0 = Release|Any CPU
		{2B1D9E0B-C7A9-4F66-A43F-5B822EC6DE77}.Debug|Any CPU.ActiveCfg = Debug|Any CPU
		{2B1D9E0B-C7A9-4F66-A43F-5B822EC6DE77}.Debug|Any CPU.Build.0 = Debug|Any CPU
		{2B1D9E0B-C7A9-4F66-A43F-5B822EC6DE77}.Release|Any CPU.ActiveCfg = Release|Any CPU
		{2B1D9E0B-C7A9-4F66-A43F-5B822EC6DE77}.Release|Any CPU.Build.0 = Release|Any CPU
		{CB581747-D945-4C3B-908F-1C24221881C0}.Debug|Any CPU.ActiveCfg = Debug|Any CPU
		{CB581747-D945-4C3B-908F-1C24221881C0}.Debug|Any CPU.Build.0 = Debug|Any CPU
		{CB581747-D945-4C3B-908F-1C24221881C0}.Release|Any CPU.ActiveCfg = Release|Any CPU
		{CB581747-D945-4C3B-908F-1C24221881C0}.Release|Any CPU.Build.0 = Release|Any CPU
		{7924D7EF-F8AD-475E-BE38-93286370304B}.Debug|Any CPU.ActiveCfg = Debug|Any CPU
		{7924D7EF-F8AD-475E-BE38-93286370304B}.Debug|Any CPU.Build.0 = Debug|Any CPU
		{7924D7EF-F8AD-475E-BE38-93286370304B}.Release|Any CPU.ActiveCfg = Release|Any CPU
		{7924D7EF-F8AD-475E-BE38-93286370304B}.Release|Any CPU.Build.0 = Release|Any CPU
		{6415451B-0A5C-48E1-80CC-F9B56F1CF717}.Debug|Any CPU.ActiveCfg = Debug|Any CPU
		{6415451B-0A5C-48E1-80CC-F9B56F1CF717}.Debug|Any CPU.Build.0 = Debug|Any CPU
		{6415451B-0A5C-48E1-80CC-F9B56F1CF717}.Release|Any CPU.ActiveCfg = Release|Any CPU
		{6415451B-0A5C-48E1-80CC-F9B56F1CF717}.Release|Any CPU.Build.0 = Release|Any CPU
		{740F57B3-E507-4441-9356-4D2E15EA764A}.Debug|Any CPU.ActiveCfg = Debug|Any CPU
		{740F57B3-E507-4441-9356-4D2E15EA764A}.Debug|Any CPU.Build.0 = Debug|Any CPU
		{740F57B3-E507-4441-9356-4D2E15EA764A}.Release|Any CPU.ActiveCfg = Release|Any CPU
		{740F57B3-E507-4441-9356-4D2E15EA764A}.Release|Any CPU.Build.0 = Release|Any CPU
		{6F6075EA-467E-49E7-B726-2867431BC38C}.Debug|Any CPU.ActiveCfg = Debug|Any CPU
		{6F6075EA-467E-49E7-B726-2867431BC38C}.Debug|Any CPU.Build.0 = Debug|Any CPU
		{6F6075EA-467E-49E7-B726-2867431BC38C}.Release|Any CPU.ActiveCfg = Release|Any CPU
		{6F6075EA-467E-49E7-B726-2867431BC38C}.Release|Any CPU.Build.0 = Release|Any CPU
		{A157A4B2-8C6C-49DD-8D5D-9CEBB71D3544}.Debug|Any CPU.ActiveCfg = Debug|Any CPU
		{A157A4B2-8C6C-49DD-8D5D-9CEBB71D3544}.Debug|Any CPU.Build.0 = Debug|Any CPU
		{A157A4B2-8C6C-49DD-8D5D-9CEBB71D3544}.Release|Any CPU.ActiveCfg = Release|Any CPU
		{A157A4B2-8C6C-49DD-8D5D-9CEBB71D3544}.Release|Any CPU.Build.0 = Release|Any CPU
		{C78D561D-43EE-41FC-A69F-1547A1E2D3BC}.Debug|Any CPU.ActiveCfg = Debug|Any CPU
		{C78D561D-43EE-41FC-A69F-1547A1E2D3BC}.Debug|Any CPU.Build.0 = Debug|Any CPU
		{C78D561D-43EE-41FC-A69F-1547A1E2D3BC}.Release|Any CPU.ActiveCfg = Release|Any CPU
		{C78D561D-43EE-41FC-A69F-1547A1E2D3BC}.Release|Any CPU.Build.0 = Release|Any CPU
	EndGlobalSection
	GlobalSection(SolutionProperties) = preSolution
		HideSolutionNode = FALSE
	EndGlobalSection
	GlobalSection(NestedProjects) = preSolution
		{B0696FFE-B7CD-45A8-9D47-ED22027166EA} = {2EC69E98-9EB4-497D-9A21-D0666F075437}
		{53A1CF82-3905-45BE-A360-742B161FAC0C} = {2EC69E98-9EB4-497D-9A21-D0666F075437}
		{BF94ACC0-3BAB-4E2A-9906-3C504C9637D7} = {2EC69E98-9EB4-497D-9A21-D0666F075437}
		{F191E8E2-B0C7-4DF8-B4A7-85A2FB283ED9} = {2EC69E98-9EB4-497D-9A21-D0666F075437}
		{FADBC093-AF23-41CB-A949-EBC59F533198} = {2EC69E98-9EB4-497D-9A21-D0666F075437}
		{BB947FBA-5B43-4A36-A704-FC71AB6A7419} = {DD7A7D36-90E7-43A8-9C3D-9CBF82F87DE0}
		{16432BE5-E28F-41BA-9512-80E3527A9B29} = {DD7A7D36-90E7-43A8-9C3D-9CBF82F87DE0}
		{CC436F95-3E6B-4E80-B147-A7FB2B08A921} = {DD7A7D36-90E7-43A8-9C3D-9CBF82F87DE0}
		{BC87FC0A-5D9C-4AE5-8841-81A137601BFF} = {DD7A7D36-90E7-43A8-9C3D-9CBF82F87DE0}
		{132F9F9B-316F-43D9-85DA-0865E3732230} = {DD7A7D36-90E7-43A8-9C3D-9CBF82F87DE0}
		{A7A3CAD1-1E43-4A84-BBE3-D8C3D038BCE7} = {126321DD-4432-4BDC-B05A-C3C2C980D5B2}
		{2B1D9E0B-C7A9-4F66-A43F-5B822EC6DE77} = {126321DD-4432-4BDC-B05A-C3C2C980D5B2}
		{CB581747-D945-4C3B-908F-1C24221881C0} = {126321DD-4432-4BDC-B05A-C3C2C980D5B2}
		{7924D7EF-F8AD-475E-BE38-93286370304B} = {126321DD-4432-4BDC-B05A-C3C2C980D5B2}
		{6415451B-0A5C-48E1-80CC-F9B56F1CF717} = {0F1ADB93-A652-4014-8AE8-F400A459FB50}
		{740F57B3-E507-4441-9356-4D2E15EA764A} = {0F1ADB93-A652-4014-8AE8-F400A459FB50}
		{6F6075EA-467E-49E7-B726-2867431BC38C} = {0F1ADB93-A652-4014-8AE8-F400A459FB50}
		{A157A4B2-8C6C-49DD-8D5D-9CEBB71D3544} = {0F1ADB93-A652-4014-8AE8-F400A459FB50}
		{C78D561D-43EE-41FC-A69F-1547A1E2D3BC} = {9AE78854-327C-422E-BA1A-59D37BC90E1D}
	EndGlobalSection
	GlobalSection(ExtensibilityGlobals) = postSolution
		SolutionGuid = {DDFB48BA-3F3A-4350-BA97-96FD95C8DD97}
	EndGlobalSection
EndGlobal
